
Microsoft Visual Studio Solution File, Format Version 12.00
# Visual Studio Version 17
VisualStudioVersion = 17.6.33829.357
MinimumVisualStudioVersion = 10.0.40219.1
Project("{8BC9CEB8-8B4A-11D0-8D11-00A0C91BC942}") = "CYD", "CYD\CYD.vcxproj", "{F6BD4B63-BEDD-4947-9417-BC023CCC4561}"
EndProject
Project("{54435603-DBB4-11D2-8724-00A0C9A8B90C}") = "Setup1-CYD", "Setup1-CYD\Setup1-CYD.vdproj", "{D0BAD844-CDC8-4276-A8D3-1C2778B33A65}"
EndProject
Global
	GlobalSection(SolutionConfigurationPlatforms) = preSolution
		Debug|x64 = Debug|x64
		Debug|x86 = Debug|x86
		Release|x64 = Release|x64
		Release|x86 = Release|x86
	EndGlobalSection
	GlobalSection(ProjectConfigurationPlatforms) = postSolution
		{F6BD4B63-BEDD-4947-9417-BC023CCC4561}.Debug|x64.ActiveCfg = Debug|x64
		{F6BD4B63-BEDD-4947-9417-BC023CCC4561}.Debug|x64.Build.0 = Debug|x64
		{F6BD4B63-BEDD-4947-9417-BC023CCC4561}.Debug|x86.ActiveCfg = Debug|Win32
		{F6BD4B63-BEDD-4947-9417-BC023CCC4561}.Debug|x86.Build.0 = Debug|Win32
		{F6BD4B63-BEDD-4947-9417-BC023CCC4561}.Release|x64.ActiveCfg = Release|x64
		{F6BD4B63-BEDD-4947-9417-BC023CCC4561}.Release|x64.Build.0 = Release|x64
		{F6BD4B63-BEDD-4947-9417-BC023CCC4561}.Release|x86.ActiveCfg = Release|Win32
		{F6BD4B63-BEDD-4947-9417-BC023CCC4561}.Release|x86.Build.0 = Release|Win32
		{D0BAD844-CDC8-4276-A8D3-1C2778B33A65}.Debug|x64.ActiveCfg = Debug
		{D0BAD844-CDC8-4276-A8D3-1C2778B33A65}.Debug|x86.ActiveCfg = Debug
		{D0BAD844-CDC8-4276-A8D3-1C2778B33A65}.Release|x64.ActiveCfg = Release
		{D0BAD844-CDC8-4276-A8D3-1C2778B33A65}.Release|x86.ActiveCfg = Release
	EndGlobalSection
	GlobalSection(SolutionProperties) = preSolution
		HideSolutionNode = FALSE
	EndGlobalSection
	GlobalSection(ExtensibilityGlobals) = postSolution
		SolutionGuid = {9ACBA70F-AC7E-4954-A5C4-BB9B0DC5F2C2}
	EndGlobalSection
EndGlobal
